{
  "name": "project-app",
  "version": "1.0.0",
  "lockfileVersion": 1,
  "requires": true,
  "dependencies": {
    "@dhis2/app-runtime": {
      "version": "2.4.0",
      "resolved": "https://registry.npmjs.org/@dhis2/app-runtime/-/app-runtime-2.4.0.tgz",
      "integrity": "sha512-OOckU5D+JWR2PqkZfnZAfq1LguBNVRo3pfIJhHmWhI3iQ+1ZHsL1cjf9vMl3IQxLiYfGN8uDFbufrygpDDqn9A==",
      "requires": {
        "@dhis2/app-service-config": "2.4.0",
        "@dhis2/app-service-data": "2.4.0"
      }
    },
    "@dhis2/app-service-config": {
      "version": "2.4.0",
      "resolved": "https://registry.npmjs.org/@dhis2/app-service-config/-/app-service-config-2.4.0.tgz",
      "integrity": "sha512-LCK5GTVbv7J8GKlxPXC6nn+ZEeYj3ddgwcQsdT5kIDVfUPAH7zb7EV7VuCi8ZgioJPEDYIAJlRo3EzI0QDKELQ=="
    },
    "@dhis2/app-service-data": {
      "version": "2.4.0",
      "resolved": "https://registry.npmjs.org/@dhis2/app-service-data/-/app-service-data-2.4.0.tgz",
      "integrity": "sha512-okL1KiWR/RzUqkiAh7qWp4F1fMlJzJqzVa3rRTFhurQ93VgNRAO0YAH7PeUkgDgWw5Q9ArXB+N7Q36ZZl5iiOQ=="
    }
  }
}
